{
	"name": "@coopdigital/shared-component--signpost",
	"version": "2.7.1",
	"lockfileVersion": 1,
	"requires": true,
	"dependencies": {
		"@coopdigital/foundations-vars": {
			"version": "3.8.2",
			"resolved": "https://registry.npmjs.org/@coopdigital/foundations-vars/-/foundations-vars-3.8.2.tgz",
			"integrity": "sha512-FMNcxgGLz9hWFfCX4Kvjrj3iCTPYTjQZMEHGVhFVYfCPx2HrlcziInzorM8GNJ69g1AhD+a7ToJskbBd6rpq3g==",
			"dev": true
		}
	}
}
